
Microsoft Visual Studio Solution File, Format Version 12.00
# Visual Studio Version 16
VisualStudioVersion = 16.0.30204.135
MinimumVisualStudioVersion = 10.0.40219.1
Project("{FAE04EC0-301F-11D3-BF4B-00C04F79EFBC}") = "BOOKRENTAL", "BOOKRENTAL\BOOKRENTAL.csproj", "{7047D9B3-20DF-4BC5-867C-0344E5F337FB}"
EndProject
Global
	GlobalSection(SolutionConfigurationPlatforms) = preSolution
		Debug|Any CPU = Debug|Any CPU
		Release|Any CPU = Release|Any CPU
	EndGlobalSection
	GlobalSection(ProjectConfigurationPlatforms) = postSolution
		{7047D9B3-20DF-4BC5-867C-0344E5F337FB}.Debug|Any CPU.ActiveCfg = Debug|Any CPU
		{7047D9B3-20DF-4BC5-867C-0344E5F337FB}.Debug|Any CPU.Build.0 = Debug|Any CPU
		{7047D9B3-20DF-4BC5-867C-0344E5F337FB}.Release|Any CPU.ActiveCfg = Release|Any CPU
		{7047D9B3-20DF-4BC5-867C-0344E5F337FB}.Release|Any CPU.Build.0 = Release|Any CPU
	EndGlobalSection
	GlobalSection(SolutionProperties) = preSolution
		HideSolutionNode = FALSE
	EndGlobalSection
	GlobalSection(ExtensibilityGlobals) = postSolution
		SolutionGuid = {7219BBE1-0822-43EF-873F-712EECE48BC8}
	EndGlobalSection
EndGlobal
